// !$*UTF8*$!
{
	archiveVersion = 1;
	classes = {
	};
	objectVersion = 50;
	objects = {

/* Begin PBXBuildFile section */
		AE2A8B0023016223006B78FD /* AppDelegate.swift in Sources */ = {isa = PBXBuildFile; fileRef = AE2A8AFF23016223006B78FD /* AppDelegate.swift */; };
		AE2A8B0223016223006B78FD /* ViewController.swift in Sources */ = {isa = PBXBuildFile; fileRef = AE2A8B0123016223006B78FD /* ViewController.swift */; };
		AE2A8B0523016223006B78FD /* Main.storyboard in Resources */ = {isa = PBXBuildFile; fileRef = AE2A8B0323016223006B78FD /* Main.storyboard */; };
		AE2A8B0823016223006B78FD /* SearchDemo.xcdatamodeld in Sources */ = {isa = PBXBuildFile; fileRef = AE2A8B0623016223006B78FD /* SearchDemo.xcdatamodeld */; };
		AE2A8B0A23016226006B78FD /* Assets.xcassets in Resources */ = {isa = PBXBuildFile; fileRef = AE2A8B0923016226006B78FD /* Assets.xcassets */; };
		AE2A8B0D23016226006B78FD /* LaunchScreen.storyboard in Resources */ = {isa = PBXBuildFile; fileRef = AE2A8B0B23016226006B78FD /* LaunchScreen.storyboard */; };
		AE2A8B152301639E006B78FD /* tableSearchCell.swift in Sources */ = {isa = PBXBuildFile; fileRef = AE2A8B142301639E006B78FD /* tableSearchCell.swift */; };
		AECDDBC0230EB825006F34E8 /* Data.swift in Sources */ = {isa = PBXBuildFile; fileRef = AECDDBBF230EB825006F34E8 /* Data.swift */; };
		AECDDBC3230EB86E006F34E8 /* Common.swift in Sources */ = {isa = PBXBuildFile; fileRef = AECDDBC2230EB86E006F34E8 /* Common.swift */; };
/* End PBXBuildFile section */

/* Begin PBXFileReference section */
		AE2A8AFC23016223006B78FD /* SearchDemo.app */ = {isa = PBXFileReference; explicitFileType = wrapper.application; includeInIndex = 0; path = SearchDemo.app; sourceTree = BUILT_PRODUCTS_DIR; };
		AE2A8AFF23016223006B78FD /* AppDelegate.swift */ = {isa = PBXFileReference; lastKnownFileType = sourcecode.swift; path = AppDelegate.swift; sourceTree = "<group>"; };
		AE2A8B0123016223006B78FD /* ViewController.swift */ = {isa = PBXFileReference; lastKnownFileType = sourcecode.swift; path = ViewController.swift; sourceTree = "<group>"; };
		AE2A8B0423016223006B78FD /* Base */ = {isa = PBXFileReference; lastKnownFileType = file.storyboard; name = Base; path = Base.lproj/Main.storyboard; sourceTree = "<group>"; };
		AE2A8B0723016223006B78FD /* SearchDemo.xcdatamodel */ = {isa = PBXFileReference; lastKnownFileType = wrapper.xcdatamodel; path = SearchDemo.xcdatamodel; sourceTree = "<group>"; };
		AE2A8B0923016226006B78FD /* Assets.xcassets */ = {isa = PBXFileReference; lastKnownFileType = folder.assetcatalog; path = Assets.xcassets; sourceTree = "<group>"; };
		AE2A8B0C23016226006B78FD /* Base */ = {isa = PBXFileReference; lastKnownFileType = file.storyboard; name = Base; path = Base.lproj/LaunchScreen.storyboard; sourceTree = "<group>"; };
		AE2A8B0E23016226006B78FD /* Info.plist */ = {isa = PBXFileReference; lastKnownFileType = text.plist.xml; path = Info.plist; sourceTree = "<group>"; };
		AE2A8B142301639E006B78FD /* tableSearchCell.swift */ = {isa = PBXFileReference; lastKnownFileType = sourcecode.swift; path = tableSearchCell.swift; sourceTree = "<group>"; };
		AECDDBBF230EB825006F34E8 /* Data.swift */ = {isa = PBXFileReference; lastKnownFileType = sourcecode.swift; path = Data.swift; sourceTree = "<group>"; };
		AECDDBC2230EB86E006F34E8 /* Common.swift */ = {isa = PBXFileReference; fileEncoding = 4; lastKnownFileType = sourcecode.swift; path = Common.swift; sourceTree = "<group>"; };
/* End PBXFileReference section */

/* Begin PBXFrameworksBuildPhase section */
		AE2A8AF923016223006B78FD /* Frameworks */ = {
			isa = PBXFrameworksBuildPhase;
			buildActionMask = 2147483647;
			files = (
			);
			runOnlyForDeploymentPostprocessing = 0;
		};
/* End PBXFrameworksBuildPhase section */

/* Begin PBXGroup section */
		AE2A8AF323016223006B78FD = {
			isa = PBXGroup;
			children = (
				AE2A8AFE23016223006B78FD /* SearchDemo */,
				AE2A8AFD23016223006B78FD /* Products */,
			);
			sourceTree = "<group>";
		};
		AE2A8AFD23016223006B78FD /* Products */ = {
			isa = PBXGroup;
			children = (
				AE2A8AFC23016223006B78FD /* SearchDemo.app */,
			);
			name = Products;
			sourceTree = "<group>";
		};
		AE2A8AFE23016223006B78FD /* SearchDemo */ = {
			isa = PBXGroup;
			children = (
				AE2A8AFF23016223006B78FD /* AppDelegate.swift */,
				AECDDBC1230EB863006F34E8 /* Common */,
				AED4E33A230D5001004110FC /* Model */,
				AED4E33C230D5010004110FC /* View */,
				AED4E33D230D501C004110FC /* Controller */,
				AE2A8B0323016223006B78FD /* Main.storyboard */,
				AE2A8B0923016226006B78FD /* Assets.xcassets */,
				AE2A8B0B23016226006B78FD /* LaunchScreen.storyboard */,
				AE2A8B0E23016226006B78FD /* Info.plist */,
				AE2A8B0623016223006B78FD /* SearchDemo.xcdatamodeld */,
			);
			path = SearchDemo;
			sourceTree = "<group>";
		};
		AECDDBC1230EB863006F34E8 /* Common */ = {
			isa = PBXGroup;
			children = (
				AECDDBC2230EB86E006F34E8 /* Common.swift */,
			);
			path = Common;
			sourceTree = "<group>";
		};
		AED4E33A230D5001004110FC /* Model */ = {
			isa = PBXGroup;
			children = (
				AECDDBBF230EB825006F34E8 /* Data.swift */,
			);
			path = Model;
			sourceTree = "<group>";
		};
		AED4E33C230D5010004110FC /* View */ = {
			isa = PBXGroup;
			children = (
				AE2A8B142301639E006B78FD /* tableSearchCell.swift */,
			);
			path = View;
			sourceTree = "<group>";
		};
		AED4E33D230D501C004110FC /* Controller */ = {
			isa = PBXGroup;
			children = (
				AE2A8B0123016223006B78FD /* ViewController.swift */,
			);
			path = Controller;
			sourceTree = "<group>";
		};
/* End PBXGroup section */

/* Begin PBXNativeTarget section */
		AE2A8AFB23016223006B78FD /* SearchDemo */ = {
			isa = PBXNativeTarget;
			buildConfigurationList = AE2A8B1123016226006B78FD /* Build configuration list for PBXNativeTarget "SearchDemo" */;
			buildPhases = (
				AE2A8AF823016223006B78FD /* Sources */,
				AE2A8AF923016223006B78FD /* Frameworks */,
				AE2A8AFA23016223006B78FD /* Resources */,
			);
			buildRules = (
			);
			dependencies = (
			);
			name = SearchDemo;
			productName = SearchDemo;
			productReference = AE2A8AFC23016223006B78FD /* SearchDemo.app */;
			productType = "com.apple.product-type.application";
		};
/* End PBXNativeTarget section */

/* Begin PBXProject section */
		AE2A8AF423016223006B78FD /* Project object */ = {
			isa = PBXProject;
			attributes = {
				LastSwiftUpdateCheck = 1030;
				LastUpgradeCheck = 1030;
				ORGANIZATIONNAME = NetSet;
				TargetAttributes = {
					AE2A8AFB23016223006B78FD = {
						CreatedOnToolsVersion = 10.3;
					};
				};
			};
			buildConfigurationList = AE2A8AF723016223006B78FD /* Build configuration list for PBXProject "SearchDemo" */;
			compatibilityVersion = "Xcode 9.3";
			developmentRegion = en;
			hasScannedForEncodings = 0;
			knownRegions = (
				en,
				Base,
			);
			mainGroup = AE2A8AF323016223006B78FD;
			productRefGroup = AE2A8AFD23016223006B78FD /* Products */;
			projectDirPath = "";
			projectRoot = "";
			targets = (
				AE2A8AFB23016223006B78FD /* SearchDemo */,
			);
		};
/* End PBXProject section */

/* Begin PBXResourcesBuildPhase section */
		AE2A8AFA23016223006B78FD /* Resources */ = {
			isa = PBXResourcesBuildPhase;
			buildActionMask = 2147483647;
			files = (
				AE2A8B0D23016226006B78FD /* LaunchScreen.storyboard in Resources */,
				AE2A8B0A23016226006B78FD /* Assets.xcassets in Resources */,
				AE2A8B0523016223006B78FD /* Main.storyboard in Resources */,
			);
			runOnlyForDeploymentPostprocessing = 0;
		};
/* End PBXResourcesBuildPhase section */

/* Begin PBXSourcesBuildPhase section */
		AE2A8AF823016223006B78FD /* Sources */ = {
			isa = PBXSourcesBuildPhase;
			buildActionMask = 2147483647;
			files = (
				AE2A8B0823016223006B78FD /* SearchDemo.xcdatamodeld in Sources */,
				AECDDBC0230EB825006F34E8 /* Data.swift in Sources */,
				AE2A8B0223016223006B78FD /* ViewController.swift in Sources */,
				AE2A8B152301639E006B78FD /* tableSearchCell.swift in Sources */,
				AECDDBC3230EB86E006F34E8 /* Common.swift in Sources */,
				AE2A8B0023016223006B78FD /* AppDelegate.swift in Sources */,
			);
			runOnlyForDeploymentPostprocessing = 0;
		};
/* End PBXSourcesBuildPhase section */

/* Begin PBXVariantGroup section */
		AE2A8B0323016223006B78FD /* Main.storyboard */ = {
			isa = PBXVariantGroup;
			children = (
				AE2A8B0423016223006B78FD /* Base */,
			);
			name = Main.storyboard;
			sourceTree = "<group>";
		};
		AE2A8B0B23016226006B78FD /* LaunchScreen.storyboard */ = {
			isa = PBXVariantGroup;
			children = (
				AE2A8B0C23016226006B78FD /* Base */,
			);
			name = LaunchScreen.storyboard;
			sourceTree = "<group>";
		};
/* End PBXVariantGroup section */

/* Begin XCBuildConfiguration section */
		AE2A8B0F23016226006B78FD /* Debug */ = {
			isa = XCBuildConfiguration;
			buildSettings = {
				ALWAYS_SEARCH_USER_PATHS = NO;
				CLANG_ANALYZER_NONNULL = YES;
				CLANG_ANALYZER_NUMBER_OBJECT_CONVERSION = YES_AGGRESSIVE;
				CLANG_CXX_LANGUAGE_STANDARD = "gnu++14";
				CLANG_CXX_LIBRARY = "libc++";
				CLANG_ENABLE_MODULES = YES;
				CLANG_ENABLE_OBJC_ARC = YES;
				CLANG_ENABLE_OBJC_WEAK = YES;
				CLANG_WARN_BLOCK_CAPTURE_AUTORELEASING = YES;
				CLANG_WARN_BOOL_CONVERSION = YES;
				CLANG_WARN_COMMA = YES;
				CLANG_WARN_CONSTANT_CONVERSION = YES;
				CLANG_WARN_DEPRECATED_OBJC_IMPLEMENTATIONS = YES;
				CLANG_WARN_DIRECT_OBJC_ISA_USAGE = YES_ERROR;
				CLANG_WARN_DOCUMENTATION_COMMENTS = YES;
				CLANG_WARN_EMPTY_BODY = YES;
				CLANG_WARN_ENUM_CONVERSION = YES;
				CLANG_WARN_INFINITE_RECURSION = YES;
				CLANG_WARN_INT_CONVERSION = YES;
				CLANG_WARN_NON_LITERAL_NULL_CONVERSION = YES;
				CLANG_WARN_OBJC_IMPLICIT_RETAIN_SELF = YES;
				CLANG_WARN_OBJC_LITERAL_CONVERSION = YES;
				CLANG_WARN_OBJC_ROOT_CLASS = YES_ERROR;
				CLANG_WARN_RANGE_LOOP_ANALYSIS = YES;
				CLANG_WARN_STRICT_PROTOTYPES = YES;
				CLANG_WARN_SUSPICIOUS_MOVE = YES;
				CLANG_WARN_UNGUARDED_AVAILABILITY = YES_AGGRESSIVE;
				CLANG_WARN_UNREACHABLE_CODE = YES;
				CLANG_WARN__DUPLICATE_METHOD_MATCH = YES;
				CODE_SIGN_IDENTITY = "iPhone Developer";
				COPY_PHASE_STRIP = NO;
				DEBUG_INFORMATION_FORMAT = dwarf;
				ENABLE_STRICT_OBJC_MSGSEND = YES;
				ENABLE_TESTABILITY = YES;
				GCC_C_LANGUAGE_STANDARD = gnu11;
				GCC_DYNAMIC_NO_PIC = NO;
				GCC_NO_COMMON_BLOCKS = YES;
				GCC_OPTIMIZATION_LEVEL = 0;
				GCC_PREPROCESSOR_DEFINITIONS = (
					"DEBUG=1",
					"$(inherited)",
				);
				GCC_WARN_64_TO_32_BIT_CONVERSION = YES;
				GCC_WARN_ABOUT_RETURN_TYPE = YES_ERROR;
				GCC_WARN_UNDECLARED_SELECTOR = YES;
				GCC_WARN_UNINITIALIZED_AUTOS = YES_AGGRESSIVE;
				GCC_WARN_UNUSED_FUNCTION = YES;
				GCC_WARN_UNUSED_VARIABLE = YES;
				IPHONEOS_DEPLOYMENT_TARGET = 12.4;
				MTL_ENABLE_DEBUG_INFO = INCLUDE_SOURCE;
				MTL_FAST_MATH = YES;
				ONLY_ACTIVE_ARCH = YES;
				SDKROOT = iphoneos;
				SWIFT_ACTIVE_COMPILATION_CONDITIONS = DEBUG;
				SWIFT_OPTIMIZATION_LEVEL = "-Onone";
			};
			name = Debug;
		};
		AE2A8B1023016226006B78FD /* Release */ = {
			isa = XCBuildConfiguration;
			buildSettings = {
				ALWAYS_SEARCH_USER_PATHS = NO;
				CLANG_ANALYZER_NONNULL = YES;
				CLANG_ANALYZER_NUMBER_OBJECT_CONVERSION = YES_AGGRESSIVE;
				CLANG_CXX_LANGUAGE_STANDARD = "gnu++14";
				CLANG_CXX_LIBRARY = "libc++";
				CLANG_ENABLE_MODULES = YES;
				CLANG_ENABLE_OBJC_ARC = YES;
				CLANG_ENABLE_OBJC_WEAK = YES;
				CLANG_WARN_BLOCK_CAPTURE_AUTORELEASING = YES;
				CLANG_WARN_BOOL_CONVERSION = YES;
				CLANG_WARN_COMMA = YES;
				CLANG_WARN_CONSTANT_CONVERSION = YES;
				CLANG_WARN_DEPRECATED_OBJC_IMPLEMENTATIONS = YES;
				CLANG_WARN_DIRECT_OBJC_ISA_USAGE = YES_ERROR;
				CLANG_WARN_DOCUMENTATION_COMMENTS = YES;
				CLANG_WARN_EMPTY_BODY = YES;
				CLANG_WARN_ENUM_CONVERSION = YES;
				CLANG_WARN_INFINITE_RECURSION = YES;
				CLANG_WARN_INT_CONVERSION = YES;
				CLANG_WARN_NON_LITERAL_NULL_CONVERSION = YES;
				CLANG_WARN_OBJC_IMPLICIT_RETAIN_SELF = YES;
				CLANG_WARN_OBJC_LITERAL_CONVERSION = YES;
				CLANG_WARN_OBJC_ROOT_CLASS = YES_ERROR;
				CLANG_WARN_RANGE_LOOP_ANALYSIS = YES;
				CLANG_WARN_STRICT_PROTOTYPES = YES;
				CLANG_WARN_SUSPICIOUS_MOVE = YES;
				CLANG_WARN_UNGUARDED_AVAILABILITY = YES_AGGRESSIVE;
				CLANG_WARN_UNREACHABLE_CODE = YES;
				CLANG_WARN__DUPLICATE_METHOD_MATCH = YES;
				CODE_SIGN_IDENTITY = "iPhone Developer";
				COPY_PHASE_STRIP = NO;
				DEBUG_INFORMATION_FORMAT = "dwarf-with-dsym";
				ENABLE_NS_ASSERTIONS = NO;
				ENABLE_STRICT_OBJC_MSGSEND = YES;
				GCC_C_LANGUAGE_STANDARD = gnu11;
				GCC_NO_COMMON_BLOCKS = YES;
				GCC_WARN_64_TO_32_BIT_CONVERSION = YES;
				GCC_WARN_ABOUT_RETURN_TYPE = YES_ERROR;
				GCC_WARN_UNDECLARED_SELECTOR = YES;
				GCC_WARN_UNINITIALIZED_AUTOS = YES_AGGRESSIVE;
				GCC_WARN_UNUSED_FUNCTION = YES;
				GCC_WARN_UNUSED_VARIABLE = YES;
				IPHONEOS_DEPLOYMENT_TARGET = 12.4;
				MTL_ENABLE_DEBUG_INFO = NO;
				MTL_FAST_MATH = YES;
				SDKROOT = iphoneos;
				SWIFT_COMPILATION_MODE = wholemodule;
				SWIFT_OPTIMIZATION_LEVEL = "-O";
				VALIDATE_PRODUCT = YES;
			};
			name = Release;
		};
		AE2A8B1223016226006B78FD /* Debug */ = {
			isa = XCBuildConfiguration;
			buildSettings = {
				ASSETCATALOG_COMPILER_APPICON_NAME = AppIcon;
				CODE_SIGN_STYLE = Automatic;
				INFOPLIST_FILE = SearchDemo/Info.plist;
				LD_RUNPATH_SEARCH_PATHS = (
					"$(inherited)",
					"@executable_path/Frameworks",
				);
				PRODUCT_BUNDLE_IDENTIFIER = NetSet.SearchDemo;
				PRODUCT_NAME = "$(TARGET_NAME)";
				SWIFT_VERSION = 5.0;
				TARGETED_DEVICE_FAMILY = "1,2";
			};
			name = Debug;
		};
		AE2A8B1323016226006B78FD /* Release */ = {
			isa = XCBuildConfiguration;
			buildSettings = {
				ASSETCATALOG_COMPILER_APPICON_NAME = AppIcon;
				CODE_SIGN_STYLE = Automatic;
				INFOPLIST_FILE = SearchDemo/Info.plist;
				LD_RUNPATH_SEARCH_PATHS = (
					"$(inherited)",
					"@executable_path/Frameworks",
				);
				PRODUCT_BUNDLE_IDENTIFIER = NetSet.SearchDemo;
				PRODUCT_NAME = "$(TARGET_NAME)";
				SWIFT_VERSION = 5.0;
				TARGETED_DEVICE_FAMILY = "1,2";
			};
			name = Release;
		};
/* End XCBuildConfiguration section */

/* Begin XCConfigurationList section */
		AE2A8AF723016223006B78FD /* Build configuration list for PBXProject "SearchDemo" */ = {
			isa = XCConfigurationList;
			buildConfigurations = (
				AE2A8B0F23016226006B78FD /* Debug */,
				AE2A8B1023016226006B78FD /* Release */,
			);
			defaultConfigurationIsVisible = 0;
			defaultConfigurationName = Release;
		};
		AE2A8B1123016226006B78FD /* Build configuration list for PBXNativeTarget "SearchDemo" */ = {
			isa = XCConfigurationList;
			buildConfigurations = (
				AE2A8B1223016226006B78FD /* Debug */,
				AE2A8B1323016226006B78FD /* Release */,
			);
			defaultConfigurationIsVisible = 0;
			defaultConfigurationName = Release;
		};
/* End XCConfigurationList section */

/* Begin XCVersionGroup section */
		AE2A8B0623016223006B78FD /* SearchDemo.xcdatamodeld */ = {
			isa = XCVersionGroup;
			children = (
				AE2A8B0723016223006B78FD /* SearchDemo.xcdatamodel */,
			);
			currentVersion = AE2A8B0723016223006B78FD /* SearchDemo.xcdatamodel */;
			path = SearchDemo.xcdatamodeld;
			sourceTree = "<group>";
			versionGroupType = wrapper.xcdatamodel;
		};
/* End XCVersionGroup section */
	};
	rootObject = AE2A8AF423016223006B78FD /* Project object */;
}
